
Microsoft Visual Studio Solution File, Format Version 12.00
# Visual Studio Version 17
VisualStudioVersion = 17.2.32616.157
MinimumVisualStudioVersion = 10.0.40219.1
Project("{9A19103F-16F7-4668-BE54-9A1E7A4F7556}") = "Backend", "Backend\Backend.csproj", "{474D5B2D-B0C8-44BF-8BCC-A27B7C8EEB15}"
EndProject
Project("{9A19103F-16F7-4668-BE54-9A1E7A4F7556}") = "Frontend", "Frontend\Frontend.csproj", "{E308FDCD-BC44-4451-9035-C54540F1ED85}"
EndProject
Global
	GlobalSection(SolutionConfigurationPlatforms) = preSolution
		Debug|Any CPU = Debug|Any CPU
		Release|Any CPU = Release|Any CPU
	EndGlobalSection
	GlobalSection(ProjectConfigurationPlatforms) = postSolution
		{474D5B2D-B0C8-44BF-8BCC-A27B7C8EEB15}.Debug|Any CPU.ActiveCfg = Debug|Any CPU
		{474D5B2D-B0C8-44BF-8BCC-A27B7C8EEB15}.Debug|Any CPU.Build.0 = Debug|Any CPU
		{474D5B2D-B0C8-44BF-8BCC-A27B7C8EEB15}.Release|Any CPU.ActiveCfg = Release|Any CPU
		{474D5B2D-B0C8-44BF-8BCC-A27B7C8EEB15}.Release|Any CPU.Build.0 = Release|Any CPU
		{E308FDCD-BC44-4451-9035-C54540F1ED85}.Debug|Any CPU.ActiveCfg = Debug|Any CPU
		{E308FDCD-BC44-4451-9035-C54540F1ED85}.Debug|Any CPU.Build.0 = Debug|Any CPU
		{E308FDCD-BC44-4451-9035-C54540F1ED85}.Release|Any CPU.ActiveCfg = Release|Any CPU
		{E308FDCD-BC44-4451-9035-C54540F1ED85}.Release|Any CPU.Build.0 = Release|Any CPU
	EndGlobalSection
	GlobalSection(SolutionProperties) = preSolution
		HideSolutionNode = FALSE
	EndGlobalSection
	GlobalSection(ExtensibilityGlobals) = postSolution
		SolutionGuid = {255C4308-D7CC-41B4-81D8-A0078F5C7E97}
	EndGlobalSection
EndGlobal
